
Microsoft Visual Studio Solution File, Format Version 12.00
# Visual Studio Version 17
VisualStudioVersion = 17.2.32630.192
MinimumVisualStudioVersion = 10.0.40219.1
Project("{9A19103F-16F7-4668-BE54-9A1E7A4F7556}") = "Outlays.Bot", "Outlays.Bot\Outlays.Bot.csproj", "{8BAEE11C-D5A6-47C3-BB8D-68294CAB1351}"
EndProject
Project("{9A19103F-16F7-4668-BE54-9A1E7A4F7556}") = "Outlays.Data", "Outlays.Data\Outlays.Data.csproj", "{55C850C3-6255-40C4-B550-B5BEBF192305}"
EndProject
Global
	GlobalSection(SolutionConfigurationPlatforms) = preSolution
		Debug|Any CPU = Debug|Any CPU
		Release|Any CPU = Release|Any CPU
	EndGlobalSection
	GlobalSection(ProjectConfigurationPlatforms) = postSolution
		{8BAEE11C-D5A6-47C3-BB8D-68294CAB1351}.Debug|Any CPU.ActiveCfg = Debug|Any CPU
		{8BAEE11C-D5A6-47C3-BB8D-68294CAB1351}.Debug|Any CPU.Build.0 = Debug|Any CPU
		{8BAEE11C-D5A6-47C3-BB8D-68294CAB1351}.Release|Any CPU.ActiveCfg = Release|Any CPU
		{8BAEE11C-D5A6-47C3-BB8D-68294CAB1351}.Release|Any CPU.Build.0 = Release|Any CPU
		{55C850C3-6255-40C4-B550-B5BEBF192305}.Debug|Any CPU.ActiveCfg = Debug|Any CPU
		{55C850C3-6255-40C4-B550-B5BEBF192305}.Debug|Any CPU.Build.0 = Debug|Any CPU
		{55C850C3-6255-40C4-B550-B5BEBF192305}.Release|Any CPU.ActiveCfg = Release|Any CPU
		{55C850C3-6255-40C4-B550-B5BEBF192305}.Release|Any CPU.Build.0 = Release|Any CPU
	EndGlobalSection
	GlobalSection(SolutionProperties) = preSolution
		HideSolutionNode = FALSE
	EndGlobalSection
	GlobalSection(ExtensibilityGlobals) = postSolution
		SolutionGuid = {FCB90601-F275-45EE-9B72-1A39EEF71A6A}
	EndGlobalSection
EndGlobal
